
Microsoft Visual Studio Solution File, Format Version 12.00
# Visual Studio Version 17
VisualStudioVersion = 17.10.34916.146
MinimumVisualStudioVersion = 10.0.40219.1
Project("{FAE04EC0-301F-11D3-BF4B-00C04F79EFBC}") = "LernzeitApp", "LernzeitApp.csproj", "{FEEF04A0-0071-4C33-8E54-5D531BD78DE9}"
EndProject
Global
	GlobalSection(SolutionConfigurationPlatforms) = preSolution
		Debug|Any CPU = Debug|Any CPU
		Release|Any CPU = Release|Any CPU
	EndGlobalSection
	GlobalSection(ProjectConfigurationPlatforms) = postSolution
		{FEEF04A0-0071-4C33-8E54-5D531BD78DE9}.Debug|Any CPU.ActiveCfg = Debug|Any CPU
		{FEEF04A0-0071-4C33-8E54-5D531BD78DE9}.Debug|Any CPU.Build.0 = Debug|Any CPU
		{FEEF04A0-0071-4C33-8E54-5D531BD78DE9}.Debug|Any CPU.Deploy.0 = Debug|Any CPU
		{FEEF04A0-0071-4C33-8E54-5D531BD78DE9}.Release|Any CPU.ActiveCfg = Release|Any CPU
		{FEEF04A0-0071-4C33-8E54-5D531BD78DE9}.Release|Any CPU.Build.0 = Release|Any CPU
		{FEEF04A0-0071-4C33-8E54-5D531BD78DE9}.Release|Any CPU.Deploy.0 = Release|Any CPU
	EndGlobalSection
	GlobalSection(SolutionProperties) = preSolution
		HideSolutionNode = FALSE
	EndGlobalSection
	GlobalSection(ExtensibilityGlobals) = postSolution
		SolutionGuid = {B70AA317-1A2B-4E2F-A5AE-96384C2FF681}
	EndGlobalSection
EndGlobal
